
Microsoft Visual Studio Solution File, Format Version 12.00
# Visual Studio Version 17
VisualStudioVersion = 17.13.35931.197 d17.13
MinimumVisualStudioVersion = 10.0.40219.1
Project("{FAE04EC0-301F-11D3-BF4B-00C04F79EFBC}") = "TH_OSS", "TH_OSS\TH_OSS.csproj", "{EE2AA36E-4871-4540-939E-C2BFFB6BAD7B}"
EndProject
Global
	GlobalSection(SolutionConfigurationPlatforms) = preSolution
		Debug|Any CPU = Debug|Any CPU
		Release|Any CPU = Release|Any CPU
	EndGlobalSection
	GlobalSection(ProjectConfigurationPlatforms) = postSolution
		{EE2AA36E-4871-4540-939E-C2BFFB6BAD7B}.Debug|Any CPU.ActiveCfg = Debug|Any CPU
		{EE2AA36E-4871-4540-939E-C2BFFB6BAD7B}.Debug|Any CPU.Build.0 = Debug|Any CPU
		{EE2AA36E-4871-4540-939E-C2BFFB6BAD7B}.Release|Any CPU.ActiveCfg = Release|Any CPU
		{EE2AA36E-4871-4540-939E-C2BFFB6BAD7B}.Release|Any CPU.Build.0 = Release|Any CPU
	EndGlobalSection
	GlobalSection(SolutionProperties) = preSolution
		HideSolutionNode = FALSE
	EndGlobalSection
	GlobalSection(ExtensibilityGlobals) = postSolution
		SolutionGuid = {F77F223A-7AC4-4D7C-B293-321128AD2B28}
	EndGlobalSection
EndGlobal
